
Microsoft Visual Studio Solution File, Format Version 12.00
# Visual Studio Version 16
VisualStudioVersion = 16.0.31729.503
MinimumVisualStudioVersion = 10.0.40219.1
Project("{9A19103F-16F7-4668-BE54-9A1E7A4F7556}") = "EmployeeApi", "EmployeeApi\EmployeeApi.csproj", "{28065702-58D4-4ABD-A822-576AB3B18C3E}"
EndProject
Project("{9A19103F-16F7-4668-BE54-9A1E7A4F7556}") = "Employees.Data", "Employee.Data\Employees.Data.csproj", "{2740F91C-A1E3-40AB-9B6A-86A90700A6DA}"
EndProject
Project("{FAE04EC0-301F-11D3-BF4B-00C04F79EFBC}") = "Employees.Validate", "Employees.Validate\Employees.Validate.csproj", "{A80BB43B-8A59-42F0-A56E-248A7C1611F7}"
EndProject
Global
	GlobalSection(SolutionConfigurationPlatforms) = preSolution
		Debug|Any CPU = Debug|Any CPU
		Release|Any CPU = Release|Any CPU
	EndGlobalSection
	GlobalSection(ProjectConfigurationPlatforms) = postSolution
		{28065702-58D4-4ABD-A822-576AB3B18C3E}.Debug|Any CPU.ActiveCfg = Debug|Any CPU
		{28065702-58D4-4ABD-A822-576AB3B18C3E}.Debug|Any CPU.Build.0 = Debug|Any CPU
		{28065702-58D4-4ABD-A822-576AB3B18C3E}.Release|Any CPU.ActiveCfg = Release|Any CPU
		{28065702-58D4-4ABD-A822-576AB3B18C3E}.Release|Any CPU.Build.0 = Release|Any CPU
		{2740F91C-A1E3-40AB-9B6A-86A90700A6DA}.Debug|Any CPU.ActiveCfg = Debug|Any CPU
		{2740F91C-A1E3-40AB-9B6A-86A90700A6DA}.Debug|Any CPU.Build.0 = Debug|Any CPU
		{2740F91C-A1E3-40AB-9B6A-86A90700A6DA}.Release|Any CPU.ActiveCfg = Release|Any CPU
		{2740F91C-A1E3-40AB-9B6A-86A90700A6DA}.Release|Any CPU.Build.0 = Release|Any CPU
		{A80BB43B-8A59-42F0-A56E-248A7C1611F7}.Debug|Any CPU.ActiveCfg = Debug|Any CPU
		{A80BB43B-8A59-42F0-A56E-248A7C1611F7}.Debug|Any CPU.Build.0 = Debug|Any CPU
		{A80BB43B-8A59-42F0-A56E-248A7C1611F7}.Release|Any CPU.ActiveCfg = Release|Any CPU
		{A80BB43B-8A59-42F0-A56E-248A7C1611F7}.Release|Any CPU.Build.0 = Release|Any CPU
	EndGlobalSection
	GlobalSection(SolutionProperties) = preSolution
		HideSolutionNode = FALSE
	EndGlobalSection
	GlobalSection(ExtensibilityGlobals) = postSolution
		SolutionGuid = {D41078AF-7247-487D-A0B6-67FEA9CCCC4F}
	EndGlobalSection
EndGlobal
